// !$*UTF8*$!
{
	archiveVersion = 1;
	classes = {
	};
	objectVersion = 55;
	objects = {

/* Begin PBXBuildFile section */
		760D94A2289CBA4F0010F710 /* TrendMovieListAPIManager.swift in Sources */ = {isa = PBXBuildFile; fileRef = 760D94A1289CBA4F0010F710 /* TrendMovieListAPIManager.swift */; };
		761C70362899F6D300652036 /* AppDelegate.swift in Sources */ = {isa = PBXBuildFile; fileRef = 761C70352899F6D300652036 /* AppDelegate.swift */; };
		761C70382899F6D300652036 /* SceneDelegate.swift in Sources */ = {isa = PBXBuildFile; fileRef = 761C70372899F6D300652036 /* SceneDelegate.swift */; };
		761C703A2899F6D300652036 /* TrendMovieListViewController.swift in Sources */ = {isa = PBXBuildFile; fileRef = 761C70392899F6D300652036 /* TrendMovieListViewController.swift */; };
		761C703F2899F6D400652036 /* Assets.xcassets in Resources */ = {isa = PBXBuildFile; fileRef = 761C703E2899F6D400652036 /* Assets.xcassets */; };
		761C70422899F6D400652036 /* LaunchScreen.storyboard in Resources */ = {isa = PBXBuildFile; fileRef = 761C70402899F6D400652036 /* LaunchScreen.storyboard */; };
		761C704A2899F7C900652036 /* .gitignore in Resources */ = {isa = PBXBuildFile; fileRef = 761C70492899F7C900652036 /* .gitignore */; };
		761C704C2899F8B300652036 /* APIKey.swift in Sources */ = {isa = PBXBuildFile; fileRef = 761C704B2899F8B300652036 /* APIKey.swift */; };
		7623E13028A4F732007162E7 /* CinemaViewController.swift in Sources */ = {isa = PBXBuildFile; fileRef = 7623E12F28A4F732007162E7 /* CinemaViewController.swift */; };
		7623E13228A4FA5C007162E7 /* CategoryTableViewController.swift in Sources */ = {isa = PBXBuildFile; fileRef = 7623E13128A4FA5C007162E7 /* CategoryTableViewController.swift */; };
		7623E13428A4FA77007162E7 /* CategoryTableViewCell.swift in Sources */ = {isa = PBXBuildFile; fileRef = 7623E13328A4FA77007162E7 /* CategoryTableViewCell.swift */; };
		7623E13628A50DFE007162E7 /* Theater.swift in Sources */ = {isa = PBXBuildFile; fileRef = 7623E13528A50DFE007162E7 /* Theater.swift */; };
		763AB540289A76CD00C0B9CE /* Alamofire in Frameworks */ = {isa = PBXBuildFile; productRef = 763AB53F289A76CD00C0B9CE /* Alamofire */; };
		763AB543289A76D800C0B9CE /* SwiftyJSON in Frameworks */ = {isa = PBXBuildFile; productRef = 763AB542289A76D800C0B9CE /* SwiftyJSON */; };
		7658CC00289EAAA7003FC07D /* Crew.swift in Sources */ = {isa = PBXBuildFile; fileRef = 7658CBFF289EAAA7003FC07D /* Crew.swift */; };
		7658CC05289EB33B003FC07D /* OverViewTableViewCell.swift in Sources */ = {isa = PBXBuildFile; fileRef = 7658CC03289EB33B003FC07D /* OverViewTableViewCell.swift */; };
		7658CC06289EB33B003FC07D /* OverViewTableViewCell.xib in Resources */ = {isa = PBXBuildFile; fileRef = 7658CC04289EB33B003FC07D /* OverViewTableViewCell.xib */; };
		7658CC08289ED6AF003FC07D /* PreviewVideoViewController.swift in Sources */ = {isa = PBXBuildFile; fileRef = 7658CC07289ED6AF003FC07D /* PreviewVideoViewController.swift */; };
		76916D73289B9A1E00873B32 /* Movie.swift in Sources */ = {isa = PBXBuildFile; fileRef = 76916D72289B9A1E00873B32 /* Movie.swift */; };
		76916D75289BB43600873B32 /* Actor.swift in Sources */ = {isa = PBXBuildFile; fileRef = 76916D74289BB43600873B32 /* Actor.swift */; };
		76916D79289BC96200873B32 /* TrendMovieList.storyboard in Resources */ = {isa = PBXBuildFile; fileRef = 76916D78289BC96200873B32 /* TrendMovieList.storyboard */; };
		76916D7D289BC9DF00873B32 /* TrendMovieListCollectionViewCell.swift in Sources */ = {isa = PBXBuildFile; fileRef = 76916D7B289BC9DF00873B32 /* TrendMovieListCollectionViewCell.swift */; };
		76916D7E289BC9DF00873B32 /* TrendMovieListCollectionViewCell.xib in Resources */ = {isa = PBXBuildFile; fileRef = 76916D7C289BC9DF00873B32 /* TrendMovieListCollectionViewCell.xib */; };
		76916D81289BCCD900873B32 /* ReusableViewProtocol.swift in Sources */ = {isa = PBXBuildFile; fileRef = 76916D80289BCCD900873B32 /* ReusableViewProtocol.swift */; };
		76916D84289BCDAF00873B32 /* Kingfisher in Frameworks */ = {isa = PBXBuildFile; productRef = 76916D83289BCDAF00873B32 /* Kingfisher */; };
		76916D86289C326200873B32 /* MovieDetailViewController.swift in Sources */ = {isa = PBXBuildFile; fileRef = 76916D85289C326200873B32 /* MovieDetailViewController.swift */; };
		76916D89289C398C00873B32 /* CastListTableViewCell.swift in Sources */ = {isa = PBXBuildFile; fileRef = 76916D87289C398C00873B32 /* CastListTableViewCell.swift */; };
		76916D8A289C398C00873B32 /* CastListTableViewCell.xib in Resources */ = {isa = PBXBuildFile; fileRef = 76916D88289C398C00873B32 /* CastListTableViewCell.xib */; };
		76C1C590289AF9A400604C79 /* EndPoint.swift in Sources */ = {isa = PBXBuildFile; fileRef = 76C1C58F289AF9A400604C79 /* EndPoint.swift */; };
/* End PBXBuildFile section */

/* Begin PBXFileReference section */
		760D94A1289CBA4F0010F710 /* TrendMovieListAPIManager.swift */ = {isa = PBXFileReference; lastKnownFileType = sourcecode.swift; path = TrendMovieListAPIManager.swift; sourceTree = "<group>"; };
		761C70322899F6D300652036 /* SeSacTMDBProject.app */ = {isa = PBXFileReference; explicitFileType = wrapper.application; includeInIndex = 0; path = SeSacTMDBProject.app; sourceTree = BUILT_PRODUCTS_DIR; };
		761C70352899F6D300652036 /* AppDelegate.swift */ = {isa = PBXFileReference; lastKnownFileType = sourcecode.swift; path = AppDelegate.swift; sourceTree = "<group>"; };
		761C70372899F6D300652036 /* SceneDelegate.swift */ = {isa = PBXFileReference; lastKnownFileType = sourcecode.swift; path = SceneDelegate.swift; sourceTree = "<group>"; };
		761C70392899F6D300652036 /* TrendMovieListViewController.swift */ = {isa = PBXFileReference; lastKnownFileType = sourcecode.swift; path = TrendMovieListViewController.swift; sourceTree = "<group>"; };
		761C703E2899F6D400652036 /* Assets.xcassets */ = {isa = PBXFileReference; lastKnownFileType = folder.assetcatalog; path = Assets.xcassets; sourceTree = "<group>"; };
		761C70412899F6D400652036 /* Base */ = {isa = PBXFileReference; lastKnownFileType = file.storyboard; name = Base; path = Base.lproj/LaunchScreen.storyboard; sourceTree = "<group>"; };
		761C70432899F6D400652036 /* Info.plist */ = {isa = PBXFileReference; lastKnownFileType = text.plist.xml; path = Info.plist; sourceTree = "<group>"; };
		761C70492899F7C900652036 /* .gitignore */ = {isa = PBXFileReference; lastKnownFileType = text; path = .gitignore; sourceTree = "<group>"; };
		761C704B2899F8B300652036 /* APIKey.swift */ = {isa = PBXFileReference; lastKnownFileType = sourcecode.swift; path = APIKey.swift; sourceTree = "<group>"; };
		7623E12F28A4F732007162E7 /* CinemaViewController.swift */ = {isa = PBXFileReference; lastKnownFileType = sourcecode.swift; path = CinemaViewController.swift; sourceTree = "<group>"; };
		7623E13128A4FA5C007162E7 /* CategoryTableViewController.swift */ = {isa = PBXFileReference; lastKnownFileType = sourcecode.swift; path = CategoryTableViewController.swift; sourceTree = "<group>"; };
		7623E13328A4FA77007162E7 /* CategoryTableViewCell.swift */ = {isa = PBXFileReference; lastKnownFileType = sourcecode.swift; path = CategoryTableViewCell.swift; sourceTree = "<group>"; };
		7623E13528A50DFE007162E7 /* Theater.swift */ = {isa = PBXFileReference; lastKnownFileType = sourcecode.swift; path = Theater.swift; sourceTree = "<group>"; };
		7658CBFF289EAAA7003FC07D /* Crew.swift */ = {isa = PBXFileReference; lastKnownFileType = sourcecode.swift; path = Crew.swift; sourceTree = "<group>"; };
		7658CC03289EB33B003FC07D /* OverViewTableViewCell.swift */ = {isa = PBXFileReference; lastKnownFileType = sourcecode.swift; path = OverViewTableViewCell.swift; sourceTree = "<group>"; };
		7658CC04289EB33B003FC07D /* OverViewTableViewCell.xib */ = {isa = PBXFileReference; lastKnownFileType = file.xib; path = OverViewTableViewCell.xib; sourceTree = "<group>"; };
		7658CC07289ED6AF003FC07D /* PreviewVideoViewController.swift */ = {isa = PBXFileReference; lastKnownFileType = sourcecode.swift; path = PreviewVideoViewController.swift; sourceTree = "<group>"; };
		76916D72289B9A1E00873B32 /* Movie.swift */ = {isa = PBXFileReference; lastKnownFileType = sourcecode.swift; path = Movie.swift; sourceTree = "<group>"; };
		76916D74289BB43600873B32 /* Actor.swift */ = {isa = PBXFileReference; lastKnownFileType = sourcecode.swift; path = Actor.swift; sourceTree = "<group>"; };
		76916D78289BC96200873B32 /* TrendMovieList.storyboard */ = {isa = PBXFileReference; lastKnownFileType = file.storyboard; path = TrendMovieList.storyboard; sourceTree = "<group>"; };
		76916D7B289BC9DF00873B32 /* TrendMovieListCollectionViewCell.swift */ = {isa = PBXFileReference; lastKnownFileType = sourcecode.swift; path = TrendMovieListCollectionViewCell.swift; sourceTree = "<group>"; };
		76916D7C289BC9DF00873B32 /* TrendMovieListCollectionViewCell.xib */ = {isa = PBXFileReference; lastKnownFileType = file.xib; path = TrendMovieListCollectionViewCell.xib; sourceTree = "<group>"; };
		76916D80289BCCD900873B32 /* ReusableViewProtocol.swift */ = {isa = PBXFileReference; lastKnownFileType = sourcecode.swift; path = ReusableViewProtocol.swift; sourceTree = "<group>"; };
		76916D85289C326200873B32 /* MovieDetailViewController.swift */ = {isa = PBXFileReference; lastKnownFileType = sourcecode.swift; path = MovieDetailViewController.swift; sourceTree = "<group>"; };
		76916D87289C398C00873B32 /* CastListTableViewCell.swift */ = {isa = PBXFileReference; lastKnownFileType = sourcecode.swift; path = CastListTableViewCell.swift; sourceTree = "<group>"; };
		76916D88289C398C00873B32 /* CastListTableViewCell.xib */ = {isa = PBXFileReference; lastKnownFileType = file.xib; path = CastListTableViewCell.xib; sourceTree = "<group>"; };
		76C1C58F289AF9A400604C79 /* EndPoint.swift */ = {isa = PBXFileReference; lastKnownFileType = sourcecode.swift; path = EndPoint.swift; sourceTree = "<group>"; };
/* End PBXFileReference section */

/* Begin PBXFrameworksBuildPhase section */
		761C702F2899F6D300652036 /* Frameworks */ = {
			isa = PBXFrameworksBuildPhase;
			buildActionMask = 2147483647;
			files = (
				76916D84289BCDAF00873B32 /* Kingfisher in Frameworks */,
				763AB543289A76D800C0B9CE /* SwiftyJSON in Frameworks */,
				763AB540289A76CD00C0B9CE /* Alamofire in Frameworks */,
			);
			runOnlyForDeploymentPostprocessing = 0;
		};
/* End PBXFrameworksBuildPhase section */

/* Begin PBXGroup section */
		760D94A0289CBA110010F710 /* APIManager */ = {
			isa = PBXGroup;
			children = (
				760D94A1289CBA4F0010F710 /* TrendMovieListAPIManager.swift */,
			);
			path = APIManager;
			sourceTree = "<group>";
		};
		761C70292899F6D300652036 = {
			isa = PBXGroup;
			children = (
				761C70492899F7C900652036 /* .gitignore */,
				761C70342899F6D300652036 /* SeSacTMDBProject */,
				761C70332899F6D300652036 /* Products */,
			);
			sourceTree = "<group>";
		};
		761C70332899F6D300652036 /* Products */ = {
			isa = PBXGroup;
			children = (
				761C70322899F6D300652036 /* SeSacTMDBProject.app */,
			);
			name = Products;
			sourceTree = "<group>";
		};
		761C70342899F6D300652036 /* SeSacTMDBProject */ = {
			isa = PBXGroup;
			children = (
				761C70432899F6D400652036 /* Info.plist */,
				761C70352899F6D300652036 /* AppDelegate.swift */,
				761C70372899F6D300652036 /* SceneDelegate.swift */,
				761C703E2899F6D400652036 /* Assets.xcassets */,
				760D94A0289CBA110010F710 /* APIManager */,
				761C70512899FAB000652036 /* Key */,
				761C70402899F6D400652036 /* LaunchScreen.storyboard */,
				76916D71289B99EF00873B32 /* Models */,
				76916D7F289BCCBB00873B32 /* Protocol */,
				76916D77289BC92D00873B32 /* Storybard & XIB */,
				76916D7A289BC9AF00873B32 /* View */,
				76916D76289BC92200873B32 /* View Controllers */,
			);
			path = SeSacTMDBProject;
			sourceTree = "<group>";
		};
		761C70512899FAB000652036 /* Key */ = {
			isa = PBXGroup;
			children = (
				761C704B2899F8B300652036 /* APIKey.swift */,
				76C1C58F289AF9A400604C79 /* EndPoint.swift */,
			);
			path = Key;
			sourceTree = "<group>";
		};
		76916D71289B99EF00873B32 /* Models */ = {
			isa = PBXGroup;
			children = (
				76916D74289BB43600873B32 /* Actor.swift */,
				7658CBFF289EAAA7003FC07D /* Crew.swift */,
				76916D72289B9A1E00873B32 /* Movie.swift */,
				7623E13528A50DFE007162E7 /* Theater.swift */,
			);
			path = Models;
			sourceTree = "<group>";
		};
		76916D76289BC92200873B32 /* View Controllers */ = {
			isa = PBXGroup;
			children = (
				7623E13128A4FA5C007162E7 /* CategoryTableViewController.swift */,
				76916D85289C326200873B32 /* MovieDetailViewController.swift */,
				7658CC07289ED6AF003FC07D /* PreviewVideoViewController.swift */,
				761C70392899F6D300652036 /* TrendMovieListViewController.swift */,
				7623E12F28A4F732007162E7 /* CinemaViewController.swift */,
			);
			path = "View Controllers";
			sourceTree = "<group>";
		};
		76916D77289BC92D00873B32 /* Storybard & XIB */ = {
			isa = PBXGroup;
			children = (
				76916D88289C398C00873B32 /* CastListTableViewCell.xib */,
				7658CC04289EB33B003FC07D /* OverViewTableViewCell.xib */,
				76916D78289BC96200873B32 /* TrendMovieList.storyboard */,
				76916D7C289BC9DF00873B32 /* TrendMovieListCollectionViewCell.xib */,
			);
			path = "Storybard & XIB";
			sourceTree = "<group>";
		};
		76916D7A289BC9AF00873B32 /* View */ = {
			isa = PBXGroup;
			children = (
				76916D87289C398C00873B32 /* CastListTableViewCell.swift */,
				7658CC03289EB33B003FC07D /* OverViewTableViewCell.swift */,
				76916D7B289BC9DF00873B32 /* TrendMovieListCollectionViewCell.swift */,
				7623E13328A4FA77007162E7 /* CategoryTableViewCell.swift */,
			);
			path = View;
			sourceTree = "<group>";
		};
		76916D7F289BCCBB00873B32 /* Protocol */ = {
			isa = PBXGroup;
			children = (
				76916D80289BCCD900873B32 /* ReusableViewProtocol.swift */,
			);
			path = Protocol;
			sourceTree = "<group>";
		};
/* End PBXGroup section */

/* Begin PBXNativeTarget section */
		761C70312899F6D300652036 /* SeSacTMDBProject */ = {
			isa = PBXNativeTarget;
			buildConfigurationList = 761C70462899F6D400652036 /* Build configuration list for PBXNativeTarget "SeSacTMDBProject" */;
			buildPhases = (
				761C702E2899F6D300652036 /* Sources */,
				761C702F2899F6D300652036 /* Frameworks */,
				761C70302899F6D300652036 /* Resources */,
			);
			buildRules = (
			);
			dependencies = (
			);
			name = SeSacTMDBProject;
			packageProductDependencies = (
				763AB53F289A76CD00C0B9CE /* Alamofire */,
				763AB542289A76D800C0B9CE /* SwiftyJSON */,
				76916D83289BCDAF00873B32 /* Kingfisher */,
			);
			productName = SeSacTMDBProject;
			productReference = 761C70322899F6D300652036 /* SeSacTMDBProject.app */;
			productType = "com.apple.product-type.application";
		};
/* End PBXNativeTarget section */

/* Begin PBXProject section */
		761C702A2899F6D300652036 /* Project object */ = {
			isa = PBXProject;
			attributes = {
				BuildIndependentTargetsInParallel = 1;
				LastSwiftUpdateCheck = 1330;
				LastUpgradeCheck = 1330;
				TargetAttributes = {
					761C70312899F6D300652036 = {
						CreatedOnToolsVersion = 13.3.1;
					};
				};
			};
			buildConfigurationList = 761C702D2899F6D300652036 /* Build configuration list for PBXProject "SeSacTMDBProject" */;
			compatibilityVersion = "Xcode 13.0";
			developmentRegion = en;
			hasScannedForEncodings = 0;
			knownRegions = (
				en,
				Base,
			);
			mainGroup = 761C70292899F6D300652036;
			packageReferences = (
				763AB53E289A76CD00C0B9CE /* XCRemoteSwiftPackageReference "Alamofire" */,
				763AB541289A76D800C0B9CE /* XCRemoteSwiftPackageReference "SwiftyJSON" */,
				76916D82289BCDAF00873B32 /* XCRemoteSwiftPackageReference "Kingfisher" */,
			);
			productRefGroup = 761C70332899F6D300652036 /* Products */;
			projectDirPath = "";
			projectRoot = "";
			targets = (
				761C70312899F6D300652036 /* SeSacTMDBProject */,
			);
		};
/* End PBXProject section */

/* Begin PBXResourcesBuildPhase section */
		761C70302899F6D300652036 /* Resources */ = {
			isa = PBXResourcesBuildPhase;
			buildActionMask = 2147483647;
			files = (
				7658CC06289EB33B003FC07D /* OverViewTableViewCell.xib in Resources */,
				761C704A2899F7C900652036 /* .gitignore in Resources */,
				76916D79289BC96200873B32 /* TrendMovieList.storyboard in Resources */,
				761C70422899F6D400652036 /* LaunchScreen.storyboard in Resources */,
				76916D7E289BC9DF00873B32 /* TrendMovieListCollectionViewCell.xib in Resources */,
				76916D8A289C398C00873B32 /* CastListTableViewCell.xib in Resources */,
				761C703F2899F6D400652036 /* Assets.xcassets in Resources */,
			);
			runOnlyForDeploymentPostprocessing = 0;
		};
/* End PBXResourcesBuildPhase section */

/* Begin PBXSourcesBuildPhase section */
		761C702E2899F6D300652036 /* Sources */ = {
			isa = PBXSourcesBuildPhase;
			buildActionMask = 2147483647;
			files = (
				7623E13628A50DFE007162E7 /* Theater.swift in Sources */,
				7623E13228A4FA5C007162E7 /* CategoryTableViewController.swift in Sources */,
				7658CC05289EB33B003FC07D /* OverViewTableViewCell.swift in Sources */,
				7623E13028A4F732007162E7 /* CinemaViewController.swift in Sources */,
				76916D73289B9A1E00873B32 /* Movie.swift in Sources */,
				7658CC00289EAAA7003FC07D /* Crew.swift in Sources */,
				76916D7D289BC9DF00873B32 /* TrendMovieListCollectionViewCell.swift in Sources */,
				76916D81289BCCD900873B32 /* ReusableViewProtocol.swift in Sources */,
				76C1C590289AF9A400604C79 /* EndPoint.swift in Sources */,
				761C703A2899F6D300652036 /* TrendMovieListViewController.swift in Sources */,
				76916D89289C398C00873B32 /* CastListTableViewCell.swift in Sources */,
				761C70362899F6D300652036 /* AppDelegate.swift in Sources */,
				760D94A2289CBA4F0010F710 /* TrendMovieListAPIManager.swift in Sources */,
				76916D86289C326200873B32 /* MovieDetailViewController.swift in Sources */,
				761C704C2899F8B300652036 /* APIKey.swift in Sources */,
				7658CC08289ED6AF003FC07D /* PreviewVideoViewController.swift in Sources */,
				761C70382899F6D300652036 /* SceneDelegate.swift in Sources */,
				76916D75289BB43600873B32 /* Actor.swift in Sources */,
				7623E13428A4FA77007162E7 /* CategoryTableViewCell.swift in Sources */,
			);
			runOnlyForDeploymentPostprocessing = 0;
		};
/* End PBXSourcesBuildPhase section */

/* Begin PBXVariantGroup section */
		761C70402899F6D400652036 /* LaunchScreen.storyboard */ = {
			isa = PBXVariantGroup;
			children = (
				761C70412899F6D400652036 /* Base */,
			);
			name = LaunchScreen.storyboard;
			sourceTree = "<group>";
		};
/* End PBXVariantGroup section */

/* Begin XCBuildConfiguration section */
		761C70442899F6D400652036 /* Debug */ = {
			isa = XCBuildConfiguration;
			buildSettings = {
				ALWAYS_SEARCH_USER_PATHS = NO;
				CLANG_ANALYZER_NONNULL = YES;
				CLANG_ANALYZER_NUMBER_OBJECT_CONVERSION = YES_AGGRESSIVE;
				CLANG_CXX_LANGUAGE_STANDARD = "gnu++17";
				CLANG_ENABLE_MODULES = YES;
				CLANG_ENABLE_OBJC_ARC = YES;
				CLANG_ENABLE_OBJC_WEAK = YES;
				CLANG_WARN_BLOCK_CAPTURE_AUTORELEASING = YES;
				CLANG_WARN_BOOL_CONVERSION = YES;
				CLANG_WARN_COMMA = YES;
				CLANG_WARN_CONSTANT_CONVERSION = YES;
				CLANG_WARN_DEPRECATED_OBJC_IMPLEMENTATIONS = YES;
				CLANG_WARN_DIRECT_OBJC_ISA_USAGE = YES_ERROR;
				CLANG_WARN_DOCUMENTATION_COMMENTS = YES;
				CLANG_WARN_EMPTY_BODY = YES;
				CLANG_WARN_ENUM_CONVERSION = YES;
				CLANG_WARN_INFINITE_RECURSION = YES;
				CLANG_WARN_INT_CONVERSION = YES;
				CLANG_WARN_NON_LITERAL_NULL_CONVERSION = YES;
				CLANG_WARN_OBJC_IMPLICIT_RETAIN_SELF = YES;
				CLANG_WARN_OBJC_LITERAL_CONVERSION = YES;
				CLANG_WARN_OBJC_ROOT_CLASS = YES_ERROR;
				CLANG_WARN_QUOTED_INCLUDE_IN_FRAMEWORK_HEADER = YES;
				CLANG_WARN_RANGE_LOOP_ANALYSIS = YES;
				CLANG_WARN_STRICT_PROTOTYPES = YES;
				CLANG_WARN_SUSPICIOUS_MOVE = YES;
				CLANG_WARN_UNGUARDED_AVAILABILITY = YES_AGGRESSIVE;
				CLANG_WARN_UNREACHABLE_CODE = YES;
				CLANG_WARN__DUPLICATE_METHOD_MATCH = YES;
				COPY_PHASE_STRIP = NO;
				DEBUG_INFORMATION_FORMAT = dwarf;
				ENABLE_STRICT_OBJC_MSGSEND = YES;
				ENABLE_TESTABILITY = YES;
				GCC_C_LANGUAGE_STANDARD = gnu11;
				GCC_DYNAMIC_NO_PIC = NO;
				GCC_NO_COMMON_BLOCKS = YES;
				GCC_OPTIMIZATION_LEVEL = 0;
				GCC_PREPROCESSOR_DEFINITIONS = (
					"DEBUG=1",
					"$(inherited)",
				);
				GCC_WARN_64_TO_32_BIT_CONVERSION = YES;
				GCC_WARN_ABOUT_RETURN_TYPE = YES_ERROR;
				GCC_WARN_UNDECLARED_SELECTOR = YES;
				GCC_WARN_UNINITIALIZED_AUTOS = YES_AGGRESSIVE;
				GCC_WARN_UNUSED_FUNCTION = YES;
				GCC_WARN_UNUSED_VARIABLE = YES;
				IPHONEOS_DEPLOYMENT_TARGET = 15.4;
				MTL_ENABLE_DEBUG_INFO = INCLUDE_SOURCE;
				MTL_FAST_MATH = YES;
				ONLY_ACTIVE_ARCH = YES;
				SDKROOT = iphoneos;
				SWIFT_ACTIVE_COMPILATION_CONDITIONS = DEBUG;
				SWIFT_OPTIMIZATION_LEVEL = "-Onone";
			};
			name = Debug;
		};
		761C70452899F6D400652036 /* Release */ = {
			isa = XCBuildConfiguration;
			buildSettings = {
				ALWAYS_SEARCH_USER_PATHS = NO;
				CLANG_ANALYZER_NONNULL = YES;
				CLANG_ANALYZER_NUMBER_OBJECT_CONVERSION = YES_AGGRESSIVE;
				CLANG_CXX_LANGUAGE_STANDARD = "gnu++17";
				CLANG_ENABLE_MODULES = YES;
				CLANG_ENABLE_OBJC_ARC = YES;
				CLANG_ENABLE_OBJC_WEAK = YES;
				CLANG_WARN_BLOCK_CAPTURE_AUTORELEASING = YES;
				CLANG_WARN_BOOL_CONVERSION = YES;
				CLANG_WARN_COMMA = YES;
				CLANG_WARN_CONSTANT_CONVERSION = YES;
				CLANG_WARN_DEPRECATED_OBJC_IMPLEMENTATIONS = YES;
				CLANG_WARN_DIRECT_OBJC_ISA_USAGE = YES_ERROR;
				CLANG_WARN_DOCUMENTATION_COMMENTS = YES;
				CLANG_WARN_EMPTY_BODY = YES;
				CLANG_WARN_ENUM_CONVERSION = YES;
				CLANG_WARN_INFINITE_RECURSION = YES;
				CLANG_WARN_INT_CONVERSION = YES;
				CLANG_WARN_NON_LITERAL_NULL_CONVERSION = YES;
				CLANG_WARN_OBJC_IMPLICIT_RETAIN_SELF = YES;
				CLANG_WARN_OBJC_LITERAL_CONVERSION = YES;
				CLANG_WARN_OBJC_ROOT_CLASS = YES_ERROR;
				CLANG_WARN_QUOTED_INCLUDE_IN_FRAMEWORK_HEADER = YES;
				CLANG_WARN_RANGE_LOOP_ANALYSIS = YES;
				CLANG_WARN_STRICT_PROTOTYPES = YES;
				CLANG_WARN_SUSPICIOUS_MOVE = YES;
				CLANG_WARN_UNGUARDED_AVAILABILITY = YES_AGGRESSIVE;
				CLANG_WARN_UNREACHABLE_CODE = YES;
				CLANG_WARN__DUPLICATE_METHOD_MATCH = YES;
				COPY_PHASE_STRIP = NO;
				DEBUG_INFORMATION_FORMAT = "dwarf-with-dsym";
				ENABLE_NS_ASSERTIONS = NO;
				ENABLE_STRICT_OBJC_MSGSEND = YES;
				GCC_C_LANGUAGE_STANDARD = gnu11;
				GCC_NO_COMMON_BLOCKS = YES;
				GCC_WARN_64_TO_32_BIT_CONVERSION = YES;
				GCC_WARN_ABOUT_RETURN_TYPE = YES_ERROR;
				GCC_WARN_UNDECLARED_SELECTOR = YES;
				GCC_WARN_UNINITIALIZED_AUTOS = YES_AGGRESSIVE;
				GCC_WARN_UNUSED_FUNCTION = YES;
				GCC_WARN_UNUSED_VARIABLE = YES;
				IPHONEOS_DEPLOYMENT_TARGET = 15.4;
				MTL_ENABLE_DEBUG_INFO = NO;
				MTL_FAST_MATH = YES;
				SDKROOT = iphoneos;
				SWIFT_COMPILATION_MODE = wholemodule;
				SWIFT_OPTIMIZATION_LEVEL = "-O";
				VALIDATE_PRODUCT = YES;
			};
			name = Release;
		};
		761C70472899F6D400652036 /* Debug */ = {
			isa = XCBuildConfiguration;
			buildSettings = {
				ASSETCATALOG_COMPILER_APPICON_NAME = AppIcon;
				ASSETCATALOG_COMPILER_GLOBAL_ACCENT_COLOR_NAME = AccentColor;
				CODE_SIGN_STYLE = Automatic;
				CURRENT_PROJECT_VERSION = 1;
				DEVELOPMENT_TEAM = RJ93CKCV9A;
				GENERATE_INFOPLIST_FILE = YES;
				INFOPLIST_FILE = SeSacTMDBProject/Info.plist;
				INFOPLIST_KEY_CFBundleDisplayName = TMDB;
				INFOPLIST_KEY_UIApplicationSupportsIndirectInputEvents = YES;
				INFOPLIST_KEY_UILaunchStoryboardName = LaunchScreen;
				INFOPLIST_KEY_UIMainStoryboardFile = TrendMovieList;
				INFOPLIST_KEY_UISupportedInterfaceOrientations = UIInterfaceOrientationPortrait;
				INFOPLIST_KEY_UISupportedInterfaceOrientations_iPad = "UIInterfaceOrientationPortrait UIInterfaceOrientationPortraitUpsideDown UIInterfaceOrientationLandscapeLeft UIInterfaceOrientationLandscapeRight";
				INFOPLIST_KEY_UISupportedInterfaceOrientations_iPhone = "UIInterfaceOrientationPortrait UIInterfaceOrientationLandscapeLeft UIInterfaceOrientationLandscapeRight";
				IPHONEOS_DEPLOYMENT_TARGET = 15.0;
				LD_RUNPATH_SEARCH_PATHS = (
					"$(inherited)",
					"@executable_path/Frameworks",
				);
				MARKETING_VERSION = 1.0;
				PRODUCT_BUNDLE_IDENTIFIER = com.vonreal.SeSacTMDBProject;
				PRODUCT_NAME = "$(TARGET_NAME)";
				SWIFT_EMIT_LOC_STRINGS = YES;
				SWIFT_VERSION = 5.0;
				TARGETED_DEVICE_FAMILY = 1;
			};
			name = Debug;
		};
		761C70482899F6D400652036 /* Release */ = {
			isa = XCBuildConfiguration;
			buildSettings = {
				ASSETCATALOG_COMPILER_APPICON_NAME = AppIcon;
				ASSETCATALOG_COMPILER_GLOBAL_ACCENT_COLOR_NAME = AccentColor;
				CODE_SIGN_STYLE = Automatic;
				CURRENT_PROJECT_VERSION = 1;
				DEVELOPMENT_TEAM = RJ93CKCV9A;
				GENERATE_INFOPLIST_FILE = YES;
				INFOPLIST_FILE = SeSacTMDBProject/Info.plist;
				INFOPLIST_KEY_CFBundleDisplayName = TMDB;
				INFOPLIST_KEY_UIApplicationSupportsIndirectInputEvents = YES;
				INFOPLIST_KEY_UILaunchStoryboardName = LaunchScreen;
				INFOPLIST_KEY_UIMainStoryboardFile = TrendMovieList;
				INFOPLIST_KEY_UISupportedInterfaceOrientations = UIInterfaceOrientationPortrait;
				INFOPLIST_KEY_UISupportedInterfaceOrientations_iPad = "UIInterfaceOrientationPortrait UIInterfaceOrientationPortraitUpsideDown UIInterfaceOrientationLandscapeLeft UIInterfaceOrientationLandscapeRight";
				INFOPLIST_KEY_UISupportedInterfaceOrientations_iPhone = "UIInterfaceOrientationPortrait UIInterfaceOrientationLandscapeLeft UIInterfaceOrientationLandscapeRight";
				IPHONEOS_DEPLOYMENT_TARGET = 15.0;
				LD_RUNPATH_SEARCH_PATHS = (
					"$(inherited)",
					"@executable_path/Frameworks",
				);
				MARKETING_VERSION = 1.0;
				PRODUCT_BUNDLE_IDENTIFIER = com.vonreal.SeSacTMDBProject;
				PRODUCT_NAME = "$(TARGET_NAME)";
				SWIFT_EMIT_LOC_STRINGS = YES;
				SWIFT_VERSION = 5.0;
				TARGETED_DEVICE_FAMILY = 1;
			};
			name = Release;
		};
/* End XCBuildConfiguration section */

/* Begin XCConfigurationList section */
		761C702D2899F6D300652036 /* Build configuration list for PBXProject "SeSacTMDBProject" */ = {
			isa = XCConfigurationList;
			buildConfigurations = (
				761C70442899F6D400652036 /* Debug */,
				761C70452899F6D400652036 /* Release */,
			);
			defaultConfigurationIsVisible = 0;
			defaultConfigurationName = Release;
		};
		761C70462899F6D400652036 /* Build configuration list for PBXNativeTarget "SeSacTMDBProject" */ = {
			isa = XCConfigurationList;
			buildConfigurations = (
				761C70472899F6D400652036 /* Debug */,
				761C70482899F6D400652036 /* Release */,
			);
			defaultConfigurationIsVisible = 0;
			defaultConfigurationName = Release;
		};
/* End XCConfigurationList section */

/* Begin XCRemoteSwiftPackageReference section */
		763AB53E289A76CD00C0B9CE /* XCRemoteSwiftPackageReference "Alamofire" */ = {
			isa = XCRemoteSwiftPackageReference;
			repositoryURL = "https://github.com/Alamofire/Alamofire.git";
			requirement = {
				kind = upToNextMajorVersion;
				minimumVersion = 5.0.0;
			};
		};
		763AB541289A76D800C0B9CE /* XCRemoteSwiftPackageReference "SwiftyJSON" */ = {
			isa = XCRemoteSwiftPackageReference;
			repositoryURL = "https://github.com/SwiftyJSON/SwiftyJSON.git";
			requirement = {
				kind = upToNextMajorVersion;
				minimumVersion = 5.0.0;
			};
		};
		76916D82289BCDAF00873B32 /* XCRemoteSwiftPackageReference "Kingfisher" */ = {
			isa = XCRemoteSwiftPackageReference;
			repositoryURL = "https://github.com/onevcat/Kingfisher.git";
			requirement = {
				kind = upToNextMajorVersion;
				minimumVersion = 7.0.0;
			};
		};
/* End XCRemoteSwiftPackageReference section */

/* Begin XCSwiftPackageProductDependency section */
		763AB53F289A76CD00C0B9CE /* Alamofire */ = {
			isa = XCSwiftPackageProductDependency;
			package = 763AB53E289A76CD00C0B9CE /* XCRemoteSwiftPackageReference "Alamofire" */;
			productName = Alamofire;
		};
		763AB542289A76D800C0B9CE /* SwiftyJSON */ = {
			isa = XCSwiftPackageProductDependency;
			package = 763AB541289A76D800C0B9CE /* XCRemoteSwiftPackageReference "SwiftyJSON" */;
			productName = SwiftyJSON;
		};
		76916D83289BCDAF00873B32 /* Kingfisher */ = {
			isa = XCSwiftPackageProductDependency;
			package = 76916D82289BCDAF00873B32 /* XCRemoteSwiftPackageReference "Kingfisher" */;
			productName = Kingfisher;
		};
/* End XCSwiftPackageProductDependency section */
	};
	rootObject = 761C702A2899F6D300652036 /* Project object */;
}
